
Microsoft Visual Studio Solution File, Format Version 12.00
# Visual Studio Version 17
VisualStudioVersion = 17.14.36310.24
MinimumVisualStudioVersion = 10.0.40219.1
Project("{FAE04EC0-301F-11D3-BF4B-00C04F79EFBC}") = "EventMonitoringSystem", "EventMonitoringSystem.csproj", "{BA6EB7CC-0180-4C4E-AFC3-1F60EA9EA5B4}"
EndProject
Project("{FAE04EC0-301F-11D3-BF4B-00C04F79EFBC}") = "EventMonitoringSystemWindowsForm", "..\EventMonitoringSystemWindowsForm\EventMonitoringSystemWindowsForm.csproj", "{8AC6C8E5-4EAA-473A-B132-29CD562D5BEE}"
EndProject
Global
	GlobalSection(SolutionConfigurationPlatforms) = preSolution
		Debug|Any CPU = Debug|Any CPU
		Release|Any CPU = Release|Any CPU
	EndGlobalSection
	GlobalSection(ProjectConfigurationPlatforms) = postSolution
		{BA6EB7CC-0180-4C4E-AFC3-1F60EA9EA5B4}.Debug|Any CPU.ActiveCfg = Debug|Any CPU
		{BA6EB7CC-0180-4C4E-AFC3-1F60EA9EA5B4}.Debug|Any CPU.Build.0 = Debug|Any CPU
		{BA6EB7CC-0180-4C4E-AFC3-1F60EA9EA5B4}.Release|Any CPU.ActiveCfg = Release|Any CPU
		{BA6EB7CC-0180-4C4E-AFC3-1F60EA9EA5B4}.Release|Any CPU.Build.0 = Release|Any CPU
		{8AC6C8E5-4EAA-473A-B132-29CD562D5BEE}.Debug|Any CPU.ActiveCfg = Debug|Any CPU
		{8AC6C8E5-4EAA-473A-B132-29CD562D5BEE}.Debug|Any CPU.Build.0 = Debug|Any CPU
		{8AC6C8E5-4EAA-473A-B132-29CD562D5BEE}.Release|Any CPU.ActiveCfg = Release|Any CPU
		{8AC6C8E5-4EAA-473A-B132-29CD562D5BEE}.Release|Any CPU.Build.0 = Release|Any CPU
	EndGlobalSection
	GlobalSection(SolutionProperties) = preSolution
		HideSolutionNode = FALSE
	EndGlobalSection
	GlobalSection(ExtensibilityGlobals) = postSolution
		SolutionGuid = {C174BDF4-89F8-4BAA-B0FB-7FF8489EF8FD}
	EndGlobalSection
EndGlobal
